
Microsoft Visual Studio Solution File, Format Version 12.00
# Visual Studio Version 16
VisualStudioVersion = 16.0.28803.156
MinimumVisualStudioVersion = 10.0.40219.1
Project("{FAE04EC0-301F-11D3-BF4B-00C04F79EFBC}") = "HelloWorld", "HelloWorld\HelloWorld.csproj", "{20761959-69A4-48B1-AFD5-956B86494F1C}"
EndProject
Project("{FAE04EC0-301F-11D3-BF4B-00C04F79EFBC}") = "SampleCommand", "SampleCommand\SampleCommand.csproj", "{2A1C9BB6-74CE-4069-85ED-5AA37590DBA8}"
EndProject
Global
	GlobalSection(SolutionConfigurationPlatforms) = preSolution
		Debug|Any CPU = Debug|Any CPU
		Release|Any CPU = Release|Any CPU
	EndGlobalSection
	GlobalSection(ProjectConfigurationPlatforms) = postSolution
		{20761959-69A4-48B1-AFD5-956B86494F1C}.Debug|Any CPU.ActiveCfg = Debug|Any CPU
		{20761959-69A4-48B1-AFD5-956B86494F1C}.Debug|Any CPU.Build.0 = Debug|Any CPU
		{20761959-69A4-48B1-AFD5-956B86494F1C}.Release|Any CPU.ActiveCfg = Release|Any CPU
		{20761959-69A4-48B1-AFD5-956B86494F1C}.Release|Any CPU.Build.0 = Release|Any CPU
		{2A1C9BB6-74CE-4069-85ED-5AA37590DBA8}.Debug|Any CPU.ActiveCfg = Debug|Any CPU
		{2A1C9BB6-74CE-4069-85ED-5AA37590DBA8}.Debug|Any CPU.Build.0 = Debug|Any CPU
		{2A1C9BB6-74CE-4069-85ED-5AA37590DBA8}.Release|Any CPU.ActiveCfg = Release|Any CPU
		{2A1C9BB6-74CE-4069-85ED-5AA37590DBA8}.Release|Any CPU.Build.0 = Release|Any CPU
	EndGlobalSection
	GlobalSection(SolutionProperties) = preSolution
		HideSolutionNode = FALSE
	EndGlobalSection
	GlobalSection(ExtensibilityGlobals) = postSolution
		SolutionGuid = {75937F30-E31E-4B6B-AF1F-E77C53A3785D}
	EndGlobalSection
EndGlobal
